
Microsoft Visual Studio Solution File, Format Version 12.00
# Visual Studio Version 17
VisualStudioVersion = 17.1.32210.238
MinimumVisualStudioVersion = 10.0.40219.1
Project("{FAE04EC0-301F-11D3-BF4B-00C04F79EFBC}") = "WeatherWpfMvvmApp", "WeatherWpfMvvmApp\WeatherWpfMvvmApp.csproj", "{921F6C1C-0F16-41D6-A9C8-2B03A7EF3B0A}"
EndProject
Global
	GlobalSection(SolutionConfigurationPlatforms) = preSolution
		Debug|Any CPU = Debug|Any CPU
		Release|Any CPU = Release|Any CPU
	EndGlobalSection
	GlobalSection(ProjectConfigurationPlatforms) = postSolution
		{921F6C1C-0F16-41D6-A9C8-2B03A7EF3B0A}.Debug|Any CPU.ActiveCfg = Debug|Any CPU
		{921F6C1C-0F16-41D6-A9C8-2B03A7EF3B0A}.Debug|Any CPU.Build.0 = Debug|Any CPU
		{921F6C1C-0F16-41D6-A9C8-2B03A7EF3B0A}.Release|Any CPU.ActiveCfg = Release|Any CPU
		{921F6C1C-0F16-41D6-A9C8-2B03A7EF3B0A}.Release|Any CPU.Build.0 = Release|Any CPU
	EndGlobalSection
	GlobalSection(SolutionProperties) = preSolution
		HideSolutionNode = FALSE
	EndGlobalSection
	GlobalSection(ExtensibilityGlobals) = postSolution
		SolutionGuid = {F0D900BE-28AC-49A6-B27F-4496B60F085E}
	EndGlobalSection
EndGlobal
